
Microsoft Visual Studio Solution File, Format Version 12.00
# Visual Studio Version 16
VisualStudioVersion = 16.0.31105.61
MinimumVisualStudioVersion = 10.0.40219.1
Project("{FAE04EC0-301F-11D3-BF4B-00C04F79EFBC}") = "ThroughputTest", "ThroughputTest\ThroughputTest.csproj", "{4E55F23B-ECC8-4CF0-98F0-9595EC919653}"
EndProject
Global
	GlobalSection(SolutionConfigurationPlatforms) = preSolution
		Debug|Any CPU = Debug|Any CPU
		Release|Any CPU = Release|Any CPU
	EndGlobalSection
	GlobalSection(ProjectConfigurationPlatforms) = postSolution
		{4E55F23B-ECC8-4CF0-98F0-9595EC919653}.Debug|Any CPU.ActiveCfg = Debug|Any CPU
		{4E55F23B-ECC8-4CF0-98F0-9595EC919653}.Debug|Any CPU.Build.0 = Debug|Any CPU
		{4E55F23B-ECC8-4CF0-98F0-9595EC919653}.Release|Any CPU.ActiveCfg = Release|Any CPU
		{4E55F23B-ECC8-4CF0-98F0-9595EC919653}.Release|Any CPU.Build.0 = Release|Any CPU
	EndGlobalSection
	GlobalSection(SolutionProperties) = preSolution
		HideSolutionNode = FALSE
	EndGlobalSection
	GlobalSection(ExtensibilityGlobals) = postSolution
		SolutionGuid = {425BF2B7-9AE8-442D-9C81-79808E4EFB4C}
	EndGlobalSection
EndGlobal
